
Microsoft Visual Studio Solution File, Format Version 12.00
# Visual Studio Version 17
VisualStudioVersion = 17.13.35931.197 d17.13
MinimumVisualStudioVersion = 10.0.40219.1
Project("{888888A0-9F3D-457C-B088-3A5042F75D52}") = "CIS261 Week4.2 Country lab EMMATIRADO", "CIS261 Week4.2 Country lab EMMATIRADO.pyproj", "{CCBDA6DC-7773-4EB0-BA1D-F095EA6DDDD4}"
EndProject
Global
	GlobalSection(SolutionConfigurationPlatforms) = preSolution
		Debug|Any CPU = Debug|Any CPU
		Release|Any CPU = Release|Any CPU
	EndGlobalSection
	GlobalSection(ProjectConfigurationPlatforms) = postSolution
		{CCBDA6DC-7773-4EB0-BA1D-F095EA6DDDD4}.Debug|Any CPU.ActiveCfg = Debug|Any CPU
		{CCBDA6DC-7773-4EB0-BA1D-F095EA6DDDD4}.Release|Any CPU.ActiveCfg = Release|Any CPU
	EndGlobalSection
	GlobalSection(SolutionProperties) = preSolution
		HideSolutionNode = FALSE
	EndGlobalSection
	GlobalSection(ExtensibilityGlobals) = postSolution
		SolutionGuid = {E642CAD7-4A0F-482C-8874-253FD0BC5DD8}
	EndGlobalSection
EndGlobal
